schema_version: 1

# Validated source revisions for the first piano Android bridge PoC. The
# CMake target currently receives these source trees explicitly; this file is
# the reviewable pin that the future fetch/vendor step must consume.
lomse:
  repository: "https://github.com/lenmus/lomse.git"
  commit: "2067a01cd652a723e22746683d271b43f8d2ff38"
  version: "0.30.0"

freetype:
  repository: "https://github.com/freetype/freetype.git"
  commit: "42608f77f20749dd6ddc9e0536788eaad70ea4b5"
  version: "2.13.3"

android:
  abi: "arm64-v8a"
  cmake: "3.22.1"
  ndk: "27.0.12077973"
